
Microsoft Visual Studio Solution File, Format Version 12.00
# Visual Studio Version 17
VisualStudioVersion = 17.9.34728.123
MinimumVisualStudioVersion = 10.0.40219.1
Project("{FAE04EC0-301F-11D3-BF4B-00C04F79EFBC}") = "PresentationLayer", "PresentationLayer\PresentationLayer.csproj", "{00E43709-395A-4157-9EAA-ADF1574003AA}"
EndProject
Project("{FAE04EC0-301F-11D3-BF4B-00C04F79EFBC}") = "DataObjectLayer", "DataObjectLayer\DataObjectLayer.csproj", "{21DFC0B5-7437-4BF3-9A9C-1DD065906054}"
EndProject
Project("{FAE04EC0-301F-11D3-BF4B-00C04F79EFBC}") = "WpfPresentationLayer", "WpfPresentationLayer\WpfPresentationLayer.csproj", "{D388D06C-04BF-4E5F-85CD-D677B0D4F030}"
EndProject
Project("{FAE04EC0-301F-11D3-BF4B-00C04F79EFBC}") = "ILogicLayer", "ILogicLayer\ILogicLayer.csproj", "{89152B74-9707-47B5-95E0-884467B3797A}"
EndProject
Project("{FAE04EC0-301F-11D3-BF4B-00C04F79EFBC}") = "LogicLayer", "LogicLayer\LogicLayer.csproj", "{A05986E7-2D68-4F17-AC10-CBA8E919314D}"
EndProject
Project("{FAE04EC0-301F-11D3-BF4B-00C04F79EFBC}") = "IDataAcessLayer", "IDataAcessLayer\IDataAcessLayer.csproj", "{E3A0C055-7A90-414C-A600-730A5277D340}"
EndProject
Project("{FAE04EC0-301F-11D3-BF4B-00C04F79EFBC}") = "DataAccessLayer", "DataAccessLayer\DataAccessLayer.csproj", "{1DF856B9-0013-4E36-BBD9-C576602D5B1B}"
EndProject
Project("{FAE04EC0-301F-11D3-BF4B-00C04F79EFBC}") = "FakeDataAccessLayer", "FakeDataAccessLayer\FakeDataAccessLayer.csproj", "{646F9F94-9EDB-4FD5-A396-3B75F5B37F6E}"
EndProject
Project("{FAE04EC0-301F-11D3-BF4B-00C04F79EFBC}") = "TestLogicLayer", "TestLogicLayer\TestLogicLayer.csproj", "{9A4A6240-3854-48A6-A66F-BAF96E3C326E}"
EndProject
Global
	GlobalSection(SolutionConfigurationPlatforms) = preSolution
		Debug|Any CPU = Debug|Any CPU
		Release|Any CPU = Release|Any CPU
	EndGlobalSection
	GlobalSection(ProjectConfigurationPlatforms) = postSolution
		{00E43709-395A-4157-9EAA-ADF1574003AA}.Debug|Any CPU.ActiveCfg = Debug|Any CPU
		{00E43709-395A-4157-9EAA-ADF1574003AA}.Debug|Any CPU.Build.0 = Debug|Any CPU
		{00E43709-395A-4157-9EAA-ADF1574003AA}.Release|Any CPU.ActiveCfg = Release|Any CPU
		{00E43709-395A-4157-9EAA-ADF1574003AA}.Release|Any CPU.Build.0 = Release|Any CPU
		{21DFC0B5-7437-4BF3-9A9C-1DD065906054}.Debug|Any CPU.ActiveCfg = Debug|Any CPU
		{21DFC0B5-7437-4BF3-9A9C-1DD065906054}.Debug|Any CPU.Build.0 = Debug|Any CPU
		{21DFC0B5-7437-4BF3-9A9C-1DD065906054}.Release|Any CPU.ActiveCfg = Release|Any CPU
		{21DFC0B5-7437-4BF3-9A9C-1DD065906054}.Release|Any CPU.Build.0 = Release|Any CPU
		{D388D06C-04BF-4E5F-85CD-D677B0D4F030}.Debug|Any CPU.ActiveCfg = Debug|Any CPU
		{D388D06C-04BF-4E5F-85CD-D677B0D4F030}.Debug|Any CPU.Build.0 = Debug|Any CPU
		{D388D06C-04BF-4E5F-85CD-D677B0D4F030}.Release|Any CPU.ActiveCfg = Release|Any CPU
		{D388D06C-04BF-4E5F-85CD-D677B0D4F030}.Release|Any CPU.Build.0 = Release|Any CPU
		{89152B74-9707-47B5-95E0-884467B3797A}.Debug|Any CPU.ActiveCfg = Debug|Any CPU
		{89152B74-9707-47B5-95E0-884467B3797A}.Debug|Any CPU.Build.0 = Debug|Any CPU
		{89152B74-9707-47B5-95E0-884467B3797A}.Release|Any CPU.ActiveCfg = Release|Any CPU
		{89152B74-9707-47B5-95E0-884467B3797A}.Release|Any CPU.Build.0 = Release|Any CPU
		{A05986E7-2D68-4F17-AC10-CBA8E919314D}.Debug|Any CPU.ActiveCfg = Debug|Any CPU
		{A05986E7-2D68-4F17-AC10-CBA8E919314D}.Debug|Any CPU.Build.0 = Debug|Any CPU
		{A05986E7-2D68-4F17-AC10-CBA8E919314D}.Release|Any CPU.ActiveCfg = Release|Any CPU
		{A05986E7-2D68-4F17-AC10-CBA8E919314D}.Release|Any CPU.Build.0 = Release|Any CPU
		{E3A0C055-7A90-414C-A600-730A5277D340}.Debug|Any CPU.ActiveCfg = Debug|Any CPU
		{E3A0C055-7A90-414C-A600-730A5277D340}.Debug|Any CPU.Build.0 = Debug|Any CPU
		{E3A0C055-7A90-414C-A600-730A5277D340}.Release|Any CPU.ActiveCfg = Release|Any CPU
		{E3A0C055-7A90-414C-A600-730A5277D340}.Release|Any CPU.Build.0 = Release|Any CPU
		{1DF856B9-0013-4E36-BBD9-C576602D5B1B}.Debug|Any CPU.ActiveCfg = Debug|Any CPU
		{1DF856B9-0013-4E36-BBD9-C576602D5B1B}.Debug|Any CPU.Build.0 = Debug|Any CPU
		{1DF856B9-0013-4E36-BBD9-C576602D5B1B}.Release|Any CPU.ActiveCfg = Release|Any CPU
		{1DF856B9-0013-4E36-BBD9-C576602D5B1B}.Release|Any CPU.Build.0 = Release|Any CPU
		{646F9F94-9EDB-4FD5-A396-3B75F5B37F6E}.Debug|Any CPU.ActiveCfg = Debug|Any CPU
		{646F9F94-9EDB-4FD5-A396-3B75F5B37F6E}.Debug|Any CPU.Build.0 = Debug|Any CPU
		{646F9F94-9EDB-4FD5-A396-3B75F5B37F6E}.Release|Any CPU.ActiveCfg = Release|Any CPU
		{646F9F94-9EDB-4FD5-A396-3B75F5B37F6E}.Release|Any CPU.Build.0 = Release|Any CPU
		{9A4A6240-3854-48A6-A66F-BAF96E3C326E}.Debug|Any CPU.ActiveCfg = Debug|Any CPU
		{9A4A6240-3854-48A6-A66F-BAF96E3C326E}.Debug|Any CPU.Build.0 = Debug|Any CPU
		{9A4A6240-3854-48A6-A66F-BAF96E3C326E}.Release|Any CPU.ActiveCfg = Release|Any CPU
		{9A4A6240-3854-48A6-A66F-BAF96E3C326E}.Release|Any CPU.Build.0 = Release|Any CPU
	EndGlobalSection
	GlobalSection(SolutionProperties) = preSolution
		HideSolutionNode = FALSE
	EndGlobalSection
	GlobalSection(ExtensibilityGlobals) = postSolution
		SolutionGuid = {BF4926A2-6FA6-45AE-AC36-68D150FABF79}
	EndGlobalSection
EndGlobal
